
Microsoft Visual Studio Solution File, Format Version 12.00
# Visual Studio 15
VisualStudioVersion = 15.0.28010.2046
MinimumVisualStudioVersion = 10.0.40219.1
Project("{9A19103F-16F7-4668-BE54-9A1E7A4F7556}") = "NhatVe", "NhatVe\NhatVe.csproj", "{CA119F96-CCCE-4288-B189-344D6F5485D3}"
EndProject
Project("{9A19103F-16F7-4668-BE54-9A1E7A4F7556}") = "NhatVe.Infrastructure", "NhatVe.Infrastructure\NhatVe.Infrastructure.csproj", "{49E96F99-599A-46BC-96D4-2CC0E73E5373}"
EndProject
Project("{9A19103F-16F7-4668-BE54-9A1E7A4F7556}") = "NhatVe.Utilities", "NhatVe.Utilities\NhatVe.Utilities.csproj", "{51CE8331-14C6-4DA8-BF37-ED274038B6C0}"
EndProject
Project("{9A19103F-16F7-4668-BE54-9A1E7A4F7556}") = "NhatVe.Data.EF", "NhatVe.Data.EF\NhatVe.Data.EF.csproj", "{81A3D16E-F4B1-40F8-AA2F-9A1809D7F91A}"
EndProject
Project("{9A19103F-16F7-4668-BE54-9A1E7A4F7556}") = "NhatVe.Data", "NhatVe.Data\NhatVe.Data.csproj", "{5FE2D223-239E-4840-AA52-9042EDA83842}"
EndProject
Project("{9A19103F-16F7-4668-BE54-9A1E7A4F7556}") = "NhatVe.Application", "NhatVe.Application\NhatVe.Application.csproj", "{BF74D6DA-9EA3-4FDB-A9DA-28F29D319D5F}"
EndProject
Project("{2150E333-8FDC-42A3-9474-1A3956D46DE8}") = "1 - Presentation", "1 - Presentation", "{47D7A2E4-19FE-4BBE-B070-BCB1AC72D284}"
EndProject
Project("{2150E333-8FDC-42A3-9474-1A3956D46DE8}") = "2 - Application", "2 - Application", "{320DBC2F-A542-43AA-A162-8267E6AE9BE7}"
EndProject
Project("{2150E333-8FDC-42A3-9474-1A3956D46DE8}") = "3 - Domain", "3 - Domain", "{2808CDCC-2AAB-4754-8487-B5D9962FDD91}"
EndProject
Project("{2150E333-8FDC-42A3-9474-1A3956D46DE8}") = "4 - Infrastructure", "4 - Infrastructure", "{88FCE539-E0FA-4F66-938B-0705161442D2}"
EndProject
Global
	GlobalSection(SolutionConfigurationPlatforms) = preSolution
		Debug|Any CPU = Debug|Any CPU
		Release|Any CPU = Release|Any CPU
	EndGlobalSection
	GlobalSection(ProjectConfigurationPlatforms) = postSolution
		{CA119F96-CCCE-4288-B189-344D6F5485D3}.Debug|Any CPU.ActiveCfg = Debug|Any CPU
		{CA119F96-CCCE-4288-B189-344D6F5485D3}.Debug|Any CPU.Build.0 = Debug|Any CPU
		{CA119F96-CCCE-4288-B189-344D6F5485D3}.Release|Any CPU.ActiveCfg = Release|Any CPU
		{CA119F96-CCCE-4288-B189-344D6F5485D3}.Release|Any CPU.Build.0 = Release|Any CPU
		{49E96F99-599A-46BC-96D4-2CC0E73E5373}.Debug|Any CPU.ActiveCfg = Debug|Any CPU
		{49E96F99-599A-46BC-96D4-2CC0E73E5373}.Debug|Any CPU.Build.0 = Debug|Any CPU
		{49E96F99-599A-46BC-96D4-2CC0E73E5373}.Release|Any CPU.ActiveCfg = Release|Any CPU
		{49E96F99-599A-46BC-96D4-2CC0E73E5373}.Release|Any CPU.Build.0 = Release|Any CPU
		{51CE8331-14C6-4DA8-BF37-ED274038B6C0}.Debug|Any CPU.ActiveCfg = Debug|Any CPU
		{51CE8331-14C6-4DA8-BF37-ED274038B6C0}.Debug|Any CPU.Build.0 = Debug|Any CPU
		{51CE8331-14C6-4DA8-BF37-ED274038B6C0}.Release|Any CPU.ActiveCfg = Release|Any CPU
		{51CE8331-14C6-4DA8-BF37-ED274038B6C0}.Release|Any CPU.Build.0 = Release|Any CPU
		{81A3D16E-F4B1-40F8-AA2F-9A1809D7F91A}.Debug|Any CPU.ActiveCfg = Debug|Any CPU
		{81A3D16E-F4B1-40F8-AA2F-9A1809D7F91A}.Debug|Any CPU.Build.0 = Debug|Any CPU
		{81A3D16E-F4B1-40F8-AA2F-9A1809D7F91A}.Release|Any CPU.ActiveCfg = Release|Any CPU
		{81A3D16E-F4B1-40F8-AA2F-9A1809D7F91A}.Release|Any CPU.Build.0 = Release|Any CPU
		{5FE2D223-239E-4840-AA52-9042EDA83842}.Debug|Any CPU.ActiveCfg = Debug|Any CPU
		{5FE2D223-239E-4840-AA52-9042EDA83842}.Debug|Any CPU.Build.0 = Debug|Any CPU
		{5FE2D223-239E-4840-AA52-9042EDA83842}.Release|Any CPU.ActiveCfg = Release|Any CPU
		{5FE2D223-239E-4840-AA52-9042EDA83842}.Release|Any CPU.Build.0 = Release|Any CPU
		{BF74D6DA-9EA3-4FDB-A9DA-28F29D319D5F}.Debug|Any CPU.ActiveCfg = Debug|Any CPU
		{BF74D6DA-9EA3-4FDB-A9DA-28F29D319D5F}.Debug|Any CPU.Build.0 = Debug|Any CPU
		{BF74D6DA-9EA3-4FDB-A9DA-28F29D319D5F}.Release|Any CPU.ActiveCfg = Release|Any CPU
		{BF74D6DA-9EA3-4FDB-A9DA-28F29D319D5F}.Release|Any CPU.Build.0 = Release|Any CPU
	EndGlobalSection
	GlobalSection(SolutionProperties) = preSolution
		HideSolutionNode = FALSE
	EndGlobalSection
	GlobalSection(NestedProjects) = preSolution
		{CA119F96-CCCE-4288-B189-344D6F5485D3} = {47D7A2E4-19FE-4BBE-B070-BCB1AC72D284}
		{49E96F99-599A-46BC-96D4-2CC0E73E5373} = {88FCE539-E0FA-4F66-938B-0705161442D2}
		{51CE8331-14C6-4DA8-BF37-ED274038B6C0} = {88FCE539-E0FA-4F66-938B-0705161442D2}
		{81A3D16E-F4B1-40F8-AA2F-9A1809D7F91A} = {2808CDCC-2AAB-4754-8487-B5D9962FDD91}
		{5FE2D223-239E-4840-AA52-9042EDA83842} = {2808CDCC-2AAB-4754-8487-B5D9962FDD91}
		{BF74D6DA-9EA3-4FDB-A9DA-28F29D319D5F} = {320DBC2F-A542-43AA-A162-8267E6AE9BE7}
	EndGlobalSection
	GlobalSection(ExtensibilityGlobals) = postSolution
		SolutionGuid = {182A1C24-A991-4413-809D-910E2A527EBF}
	EndGlobalSection
EndGlobal
